// !$*UTF8*$!
{
	archiveVersion = 1;
	classes = {
	};
	objectVersion = 55;
	objects = {

/* Begin PBXBuildFile section */
		232B6C9728A2C3760099E410 /* HanoiFavoriteTourApp.swift in Sources */ = {isa = PBXBuildFile; fileRef = 232B6C9628A2C3760099E410 /* HanoiFavoriteTourApp.swift */; };
		232B6C9928A2C3760099E410 /* ContentView.swift in Sources */ = {isa = PBXBuildFile; fileRef = 232B6C9828A2C3760099E410 /* ContentView.swift */; };
		232B6C9B28A2C3770099E410 /* Assets.xcassets in Resources */ = {isa = PBXBuildFile; fileRef = 232B6C9A28A2C3770099E410 /* Assets.xcassets */; };
		232B6C9E28A2C3770099E410 /* Preview Assets.xcassets in Resources */ = {isa = PBXBuildFile; fileRef = 232B6C9D28A2C3770099E410 /* Preview Assets.xcassets */; };
		232B6CA728A2C41C0099E410 /* CircleImage.swift in Sources */ = {isa = PBXBuildFile; fileRef = 232B6CA628A2C41C0099E410 /* CircleImage.swift */; };
		232B6CAB28A2C4450099E410 /* HanoiDetail.swift in Sources */ = {isa = PBXBuildFile; fileRef = 232B6CAA28A2C4450099E410 /* HanoiDetail.swift */; };
		232B6CAF28A2C45A0099E410 /* HanoiList.swift in Sources */ = {isa = PBXBuildFile; fileRef = 232B6CAC28A2C45A0099E410 /* HanoiList.swift */; };
		232B6CB028A2C45A0099E410 /* HanoiRow.swift in Sources */ = {isa = PBXBuildFile; fileRef = 232B6CAD28A2C45A0099E410 /* HanoiRow.swift */; };
		232B6CB128A2C45A0099E410 /* MapView.swift in Sources */ = {isa = PBXBuildFile; fileRef = 232B6CAE28A2C45A0099E410 /* MapView.swift */; };
		232B6CB628A2C4770099E410 /* Coordinate.swift in Sources */ = {isa = PBXBuildFile; fileRef = 232B6CB328A2C4770099E410 /* Coordinate.swift */; };
		232B6CB728A2C4770099E410 /* ModelData.swift in Sources */ = {isa = PBXBuildFile; fileRef = 232B6CB428A2C4770099E410 /* ModelData.swift */; };
		232B6CB828A2C4770099E410 /* Hanoi.swift in Sources */ = {isa = PBXBuildFile; fileRef = 232B6CB528A2C4770099E410 /* Hanoi.swift */; };
		232B6CBB28A2C4A30099E410 /* hanoi.json in Resources */ = {isa = PBXBuildFile; fileRef = 232B6CBA28A2C4A30099E410 /* hanoi.json */; };
/* End PBXBuildFile section */

/* Begin PBXFileReference section */
		232B6C9328A2C3760099E410 /* HanoiFavoriteTourApp.app */ = {isa = PBXFileReference; explicitFileType = wrapper.application; includeInIndex = 0; path = HanoiFavoriteTourApp.app; sourceTree = BUILT_PRODUCTS_DIR; };
		232B6C9628A2C3760099E410 /* HanoiFavoriteTourApp.swift */ = {isa = PBXFileReference; lastKnownFileType = sourcecode.swift; path = HanoiFavoriteTourApp.swift; sourceTree = "<group>"; };
		232B6C9828A2C3760099E410 /* ContentView.swift */ = {isa = PBXFileReference; lastKnownFileType = sourcecode.swift; name = ContentView.swift; path = ../ContentView.swift; sourceTree = "<group>"; };
		232B6C9A28A2C3770099E410 /* Assets.xcassets */ = {isa = PBXFileReference; lastKnownFileType = folder.assetcatalog; path = Assets.xcassets; sourceTree = "<group>"; };
		232B6C9D28A2C3770099E410 /* Preview Assets.xcassets */ = {isa = PBXFileReference; lastKnownFileType = folder.assetcatalog; path = "Preview Assets.xcassets"; sourceTree = "<group>"; };
		232B6CA628A2C41C0099E410 /* CircleImage.swift */ = {isa = PBXFileReference; fileEncoding = 4; lastKnownFileType = sourcecode.swift; path = CircleImage.swift; sourceTree = "<group>"; };
		232B6CAA28A2C4450099E410 /* HanoiDetail.swift */ = {isa = PBXFileReference; fileEncoding = 4; lastKnownFileType = sourcecode.swift; path = HanoiDetail.swift; sourceTree = "<group>"; };
		232B6CAC28A2C45A0099E410 /* HanoiList.swift */ = {isa = PBXFileReference; fileEncoding = 4; lastKnownFileType = sourcecode.swift; path = HanoiList.swift; sourceTree = "<group>"; };
		232B6CAD28A2C45A0099E410 /* HanoiRow.swift */ = {isa = PBXFileReference; fileEncoding = 4; lastKnownFileType = sourcecode.swift; path = HanoiRow.swift; sourceTree = "<group>"; };
		232B6CAE28A2C45A0099E410 /* MapView.swift */ = {isa = PBXFileReference; fileEncoding = 4; lastKnownFileType = sourcecode.swift; path = MapView.swift; sourceTree = "<group>"; };
		232B6CB328A2C4770099E410 /* Coordinate.swift */ = {isa = PBXFileReference; fileEncoding = 4; lastKnownFileType = sourcecode.swift; path = Coordinate.swift; sourceTree = "<group>"; };
		232B6CB428A2C4770099E410 /* ModelData.swift */ = {isa = PBXFileReference; fileEncoding = 4; lastKnownFileType = sourcecode.swift; path = ModelData.swift; sourceTree = "<group>"; };
		232B6CB528A2C4770099E410 /* Hanoi.swift */ = {isa = PBXFileReference; fileEncoding = 4; lastKnownFileType = sourcecode.swift; path = Hanoi.swift; sourceTree = "<group>"; };
		232B6CBA28A2C4A30099E410 /* hanoi.json */ = {isa = PBXFileReference; fileEncoding = 4; lastKnownFileType = text.json; path = hanoi.json; sourceTree = "<group>"; };
/* End PBXFileReference section */

/* Begin PBXFrameworksBuildPhase section */
		232B6C9028A2C3760099E410 /* Frameworks */ = {
			isa = PBXFrameworksBuildPhase;
			buildActionMask = 2147483647;
			files = (
			);
			runOnlyForDeploymentPostprocessing = 0;
		};
/* End PBXFrameworksBuildPhase section */

/* Begin PBXGroup section */
		232B6C8A28A2C3760099E410 = {
			isa = PBXGroup;
			children = (
				232B6C9528A2C3760099E410 /* HanoiFavoriteTourApp */,
				232B6C9428A2C3760099E410 /* Products */,
			);
			sourceTree = "<group>";
		};
		232B6C9428A2C3760099E410 /* Products */ = {
			isa = PBXGroup;
			children = (
				232B6C9328A2C3760099E410 /* HanoiFavoriteTourApp.app */,
			);
			name = Products;
			sourceTree = "<group>";
		};
		232B6C9528A2C3760099E410 /* HanoiFavoriteTourApp */ = {
			isa = PBXGroup;
			children = (
				232B6CB928A2C4920099E410 /* Resources */,
				232B6CB228A2C46B0099E410 /* Model */,
				232B6CA528A2C3C90099E410 /* Controller */,
				232B6CA428A2C3A50099E410 /* Views */,
				232B6C9A28A2C3770099E410 /* Assets.xcassets */,
				232B6C9C28A2C3770099E410 /* Preview Content */,
			);
			path = HanoiFavoriteTourApp;
			sourceTree = "<group>";
		};
		232B6C9C28A2C3770099E410 /* Preview Content */ = {
			isa = PBXGroup;
			children = (
				232B6C9D28A2C3770099E410 /* Preview Assets.xcassets */,
			);
			path = "Preview Content";
			sourceTree = "<group>";
		};
		232B6CA428A2C3A50099E410 /* Views */ = {
			isa = PBXGroup;
			children = (
				232B6C9828A2C3760099E410 /* ContentView.swift */,
				232B6CAC28A2C45A0099E410 /* HanoiList.swift */,
				232B6CAD28A2C45A0099E410 /* HanoiRow.swift */,
				232B6CAE28A2C45A0099E410 /* MapView.swift */,
				232B6CAA28A2C4450099E410 /* HanoiDetail.swift */,
				232B6CA628A2C41C0099E410 /* CircleImage.swift */,
			);
			path = Views;
			sourceTree = "<group>";
		};
		232B6CA528A2C3C90099E410 /* Controller */ = {
			isa = PBXGroup;
			children = (
				232B6C9628A2C3760099E410 /* HanoiFavoriteTourApp.swift */,
			);
			path = Controller;
			sourceTree = "<group>";
		};
		232B6CB228A2C46B0099E410 /* Model */ = {
			isa = PBXGroup;
			children = (
				232B6CB328A2C4770099E410 /* Coordinate.swift */,
				232B6CB528A2C4770099E410 /* Hanoi.swift */,
				232B6CB428A2C4770099E410 /* ModelData.swift */,
			);
			path = Model;
			sourceTree = "<group>";
		};
		232B6CB928A2C4920099E410 /* Resources */ = {
			isa = PBXGroup;
			children = (
				232B6CBA28A2C4A30099E410 /* hanoi.json */,
			);
			path = Resources;
			sourceTree = "<group>";
		};
/* End PBXGroup section */

/* Begin PBXNativeTarget section */
		232B6C9228A2C3760099E410 /* HanoiFavoriteTourApp */ = {
			isa = PBXNativeTarget;
			buildConfigurationList = 232B6CA128A2C3770099E410 /* Build configuration list for PBXNativeTarget "HanoiFavoriteTourApp" */;
			buildPhases = (
				232B6C8F28A2C3760099E410 /* Sources */,
				232B6C9028A2C3760099E410 /* Frameworks */,
				232B6C9128A2C3760099E410 /* Resources */,
			);
			buildRules = (
			);
			dependencies = (
			);
			name = HanoiFavoriteTourApp;
			productName = HanoiFavoriteTourApp;
			productReference = 232B6C9328A2C3760099E410 /* HanoiFavoriteTourApp.app */;
			productType = "com.apple.product-type.application";
		};
/* End PBXNativeTarget section */

/* Begin PBXProject section */
		232B6C8B28A2C3760099E410 /* Project object */ = {
			isa = PBXProject;
			attributes = {
				BuildIndependentTargetsInParallel = 1;
				LastSwiftUpdateCheck = 1340;
				LastUpgradeCheck = 1340;
				TargetAttributes = {
					232B6C9228A2C3760099E410 = {
						CreatedOnToolsVersion = 13.4.1;
					};
				};
			};
			buildConfigurationList = 232B6C8E28A2C3760099E410 /* Build configuration list for PBXProject "HanoiFavoriteTourApp" */;
			compatibilityVersion = "Xcode 13.0";
			developmentRegion = en;
			hasScannedForEncodings = 0;
			knownRegions = (
				en,
				Base,
			);
			mainGroup = 232B6C8A28A2C3760099E410;
			productRefGroup = 232B6C9428A2C3760099E410 /* Products */;
			projectDirPath = "";
			projectRoot = "";
			targets = (
				232B6C9228A2C3760099E410 /* HanoiFavoriteTourApp */,
			);
		};
/* End PBXProject section */

/* Begin PBXResourcesBuildPhase section */
		232B6C9128A2C3760099E410 /* Resources */ = {
			isa = PBXResourcesBuildPhase;
			buildActionMask = 2147483647;
			files = (
				232B6C9E28A2C3770099E410 /* Preview Assets.xcassets in Resources */,
				232B6CBB28A2C4A30099E410 /* hanoi.json in Resources */,
				232B6C9B28A2C3770099E410 /* Assets.xcassets in Resources */,
			);
			runOnlyForDeploymentPostprocessing = 0;
		};
/* End PBXResourcesBuildPhase section */

/* Begin PBXSourcesBuildPhase section */
		232B6C8F28A2C3760099E410 /* Sources */ = {
			isa = PBXSourcesBuildPhase;
			buildActionMask = 2147483647;
			files = (
				232B6CAB28A2C4450099E410 /* HanoiDetail.swift in Sources */,
				232B6CB128A2C45A0099E410 /* MapView.swift in Sources */,
				232B6CAF28A2C45A0099E410 /* HanoiList.swift in Sources */,
				232B6C9928A2C3760099E410 /* ContentView.swift in Sources */,
				232B6C9728A2C3760099E410 /* HanoiFavoriteTourApp.swift in Sources */,
				232B6CB628A2C4770099E410 /* Coordinate.swift in Sources */,
				232B6CB728A2C4770099E410 /* ModelData.swift in Sources */,
				232B6CA728A2C41C0099E410 /* CircleImage.swift in Sources */,
				232B6CB028A2C45A0099E410 /* HanoiRow.swift in Sources */,
				232B6CB828A2C4770099E410 /* Hanoi.swift in Sources */,
			);
			runOnlyForDeploymentPostprocessing = 0;
		};
/* End PBXSourcesBuildPhase section */

/* Begin XCBuildConfiguration section */
		232B6C9F28A2C3770099E410 /* Debug */ = {
			isa = XCBuildConfiguration;
			buildSettings = {
				ALWAYS_SEARCH_USER_PATHS = NO;
				CLANG_ANALYZER_NONNULL = YES;
				CLANG_ANALYZER_NUMBER_OBJECT_CONVERSION = YES_AGGRESSIVE;
				CLANG_CXX_LANGUAGE_STANDARD = "gnu++17";
				CLANG_ENABLE_MODULES = YES;
				CLANG_ENABLE_OBJC_ARC = YES;
				CLANG_ENABLE_OBJC_WEAK = YES;
				CLANG_WARN_BLOCK_CAPTURE_AUTORELEASING = YES;
				CLANG_WARN_BOOL_CONVERSION = YES;
				CLANG_WARN_COMMA = YES;
				CLANG_WARN_CONSTANT_CONVERSION = YES;
				CLANG_WARN_DEPRECATED_OBJC_IMPLEMENTATIONS = YES;
				CLANG_WARN_DIRECT_OBJC_ISA_USAGE = YES_ERROR;
				CLANG_WARN_DOCUMENTATION_COMMENTS = YES;
				CLANG_WARN_EMPTY_BODY = YES;
				CLANG_WARN_ENUM_CONVERSION = YES;
				CLANG_WARN_INFINITE_RECURSION = YES;
				CLANG_WARN_INT_CONVERSION = YES;
				CLANG_WARN_NON_LITERAL_NULL_CONVERSION = YES;
				CLANG_WARN_OBJC_IMPLICIT_RETAIN_SELF = YES;
				CLANG_WARN_OBJC_LITERAL_CONVERSION = YES;
				CLANG_WARN_OBJC_ROOT_CLASS = YES_ERROR;
				CLANG_WARN_QUOTED_INCLUDE_IN_FRAMEWORK_HEADER = YES;
				CLANG_WARN_RANGE_LOOP_ANALYSIS = YES;
				CLANG_WARN_STRICT_PROTOTYPES = YES;
				CLANG_WARN_SUSPICIOUS_MOVE = YES;
				CLANG_WARN_UNGUARDED_AVAILABILITY = YES_AGGRESSIVE;
				CLANG_WARN_UNREACHABLE_CODE = YES;
				CLANG_WARN__DUPLICATE_METHOD_MATCH = YES;
				COPY_PHASE_STRIP = NO;
				DEBUG_INFORMATION_FORMAT = dwarf;
				ENABLE_STRICT_OBJC_MSGSEND = YES;
				ENABLE_TESTABILITY = YES;
				GCC_C_LANGUAGE_STANDARD = gnu11;
				GCC_DYNAMIC_NO_PIC = NO;
				GCC_NO_COMMON_BLOCKS = YES;
				GCC_OPTIMIZATION_LEVEL = 0;
				GCC_PREPROCESSOR_DEFINITIONS = (
					"DEBUG=1",
					"$(inherited)",
				);
				GCC_WARN_64_TO_32_BIT_CONVERSION = YES;
				GCC_WARN_ABOUT_RETURN_TYPE = YES_ERROR;
				GCC_WARN_UNDECLARED_SELECTOR = YES;
				GCC_WARN_UNINITIALIZED_AUTOS = YES_AGGRESSIVE;
				GCC_WARN_UNUSED_FUNCTION = YES;
				GCC_WARN_UNUSED_VARIABLE = YES;
				IPHONEOS_DEPLOYMENT_TARGET = 15.5;
				MTL_ENABLE_DEBUG_INFO = INCLUDE_SOURCE;
				MTL_FAST_MATH = YES;
				ONLY_ACTIVE_ARCH = YES;
				SDKROOT = iphoneos;
				SWIFT_ACTIVE_COMPILATION_CONDITIONS = DEBUG;
				SWIFT_OPTIMIZATION_LEVEL = "-Onone";
			};
			name = Debug;
		};
		232B6CA028A2C3770099E410 /* Release */ = {
			isa = XCBuildConfiguration;
			buildSettings = {
				ALWAYS_SEARCH_USER_PATHS = NO;
				CLANG_ANALYZER_NONNULL = YES;
				CLANG_ANALYZER_NUMBER_OBJECT_CONVERSION = YES_AGGRESSIVE;
				CLANG_CXX_LANGUAGE_STANDARD = "gnu++17";
				CLANG_ENABLE_MODULES = YES;
				CLANG_ENABLE_OBJC_ARC = YES;
				CLANG_ENABLE_OBJC_WEAK = YES;
				CLANG_WARN_BLOCK_CAPTURE_AUTORELEASING = YES;
				CLANG_WARN_BOOL_CONVERSION = YES;
				CLANG_WARN_COMMA = YES;
				CLANG_WARN_CONSTANT_CONVERSION = YES;
				CLANG_WARN_DEPRECATED_OBJC_IMPLEMENTATIONS = YES;
				CLANG_WARN_DIRECT_OBJC_ISA_USAGE = YES_ERROR;
				CLANG_WARN_DOCUMENTATION_COMMENTS = YES;
				CLANG_WARN_EMPTY_BODY = YES;
				CLANG_WARN_ENUM_CONVERSION = YES;
				CLANG_WARN_INFINITE_RECURSION = YES;
				CLANG_WARN_INT_CONVERSION = YES;
				CLANG_WARN_NON_LITERAL_NULL_CONVERSION = YES;
				CLANG_WARN_OBJC_IMPLICIT_RETAIN_SELF = YES;
				CLANG_WARN_OBJC_LITERAL_CONVERSION = YES;
				CLANG_WARN_OBJC_ROOT_CLASS = YES_ERROR;
				CLANG_WARN_QUOTED_INCLUDE_IN_FRAMEWORK_HEADER = YES;
				CLANG_WARN_RANGE_LOOP_ANALYSIS = YES;
				CLANG_WARN_STRICT_PROTOTYPES = YES;
				CLANG_WARN_SUSPICIOUS_MOVE = YES;
				CLANG_WARN_UNGUARDED_AVAILABILITY = YES_AGGRESSIVE;
				CLANG_WARN_UNREACHABLE_CODE = YES;
				CLANG_WARN__DUPLICATE_METHOD_MATCH = YES;
				COPY_PHASE_STRIP = NO;
				DEBUG_INFORMATION_FORMAT = "dwarf-with-dsym";
				ENABLE_NS_ASSERTIONS = NO;
				ENABLE_STRICT_OBJC_MSGSEND = YES;
				GCC_C_LANGUAGE_STANDARD = gnu11;
				GCC_NO_COMMON_BLOCKS = YES;
				GCC_WARN_64_TO_32_BIT_CONVERSION = YES;
				GCC_WARN_ABOUT_RETURN_TYPE = YES_ERROR;
				GCC_WARN_UNDECLARED_SELECTOR = YES;
				GCC_WARN_UNINITIALIZED_AUTOS = YES_AGGRESSIVE;
				GCC_WARN_UNUSED_FUNCTION = YES;
				GCC_WARN_UNUSED_VARIABLE = YES;
				IPHONEOS_DEPLOYMENT_TARGET = 15.5;
				MTL_ENABLE_DEBUG_INFO = NO;
				MTL_FAST_MATH = YES;
				SDKROOT = iphoneos;
				SWIFT_COMPILATION_MODE = wholemodule;
				SWIFT_OPTIMIZATION_LEVEL = "-O";
				VALIDATE_PRODUCT = YES;
			};
			name = Release;
		};
		232B6CA228A2C3770099E410 /* Debug */ = {
			isa = XCBuildConfiguration;
			buildSettings = {
				ASSETCATALOG_COMPILER_APPICON_NAME = AppIcon;
				ASSETCATALOG_COMPILER_GLOBAL_ACCENT_COLOR_NAME = AccentColor;
				CODE_SIGN_STYLE = Automatic;
				CURRENT_PROJECT_VERSION = 1;
				DEVELOPMENT_ASSET_PATHS = "\"HanoiFavoriteTourApp/Preview Content\"";
				DEVELOPMENT_TEAM = 5GUKZ92H7W;
				ENABLE_PREVIEWS = YES;
				GENERATE_INFOPLIST_FILE = YES;
				INFOPLIST_KEY_UIApplicationSceneManifest_Generation = YES;
				INFOPLIST_KEY_UIApplicationSupportsIndirectInputEvents = YES;
				INFOPLIST_KEY_UILaunchScreen_Generation = YES;
				INFOPLIST_KEY_UISupportedInterfaceOrientations_iPad = "UIInterfaceOrientationPortrait UIInterfaceOrientationPortraitUpsideDown UIInterfaceOrientationLandscapeLeft UIInterfaceOrientationLandscapeRight";
				INFOPLIST_KEY_UISupportedInterfaceOrientations_iPhone = "UIInterfaceOrientationPortrait UIInterfaceOrientationLandscapeLeft UIInterfaceOrientationLandscapeRight";
				LD_RUNPATH_SEARCH_PATHS = (
					"$(inherited)",
					"@executable_path/Frameworks",
				);
				MARKETING_VERSION = 1.0;
				PRODUCT_BUNDLE_IDENTIFIER = com.HanoiFavoriteTourApp;
				PRODUCT_NAME = "$(TARGET_NAME)";
				SWIFT_EMIT_LOC_STRINGS = YES;
				SWIFT_VERSION = 5.0;
				TARGETED_DEVICE_FAMILY = "1,2";
			};
			name = Debug;
		};
		232B6CA328A2C3770099E410 /* Release */ = {
			isa = XCBuildConfiguration;
			buildSettings = {
				ASSETCATALOG_COMPILER_APPICON_NAME = AppIcon;
				ASSETCATALOG_COMPILER_GLOBAL_ACCENT_COLOR_NAME = AccentColor;
				CODE_SIGN_STYLE = Automatic;
				CURRENT_PROJECT_VERSION = 1;
				DEVELOPMENT_ASSET_PATHS = "\"HanoiFavoriteTourApp/Preview Content\"";
				DEVELOPMENT_TEAM = 5GUKZ92H7W;
				ENABLE_PREVIEWS = YES;
				GENERATE_INFOPLIST_FILE = YES;
				INFOPLIST_KEY_UIApplicationSceneManifest_Generation = YES;
				INFOPLIST_KEY_UIApplicationSupportsIndirectInputEvents = YES;
				INFOPLIST_KEY_UILaunchScreen_Generation = YES;
				INFOPLIST_KEY_UISupportedInterfaceOrientations_iPad = "UIInterfaceOrientationPortrait UIInterfaceOrientationPortraitUpsideDown UIInterfaceOrientationLandscapeLeft UIInterfaceOrientationLandscapeRight";
				INFOPLIST_KEY_UISupportedInterfaceOrientations_iPhone = "UIInterfaceOrientationPortrait UIInterfaceOrientationLandscapeLeft UIInterfaceOrientationLandscapeRight";
				LD_RUNPATH_SEARCH_PATHS = (
					"$(inherited)",
					"@executable_path/Frameworks",
				);
				MARKETING_VERSION = 1.0;
				PRODUCT_BUNDLE_IDENTIFIER = com.HanoiFavoriteTourApp;
				PRODUCT_NAME = "$(TARGET_NAME)";
				SWIFT_EMIT_LOC_STRINGS = YES;
				SWIFT_VERSION = 5.0;
				TARGETED_DEVICE_FAMILY = "1,2";
			};
			name = Release;
		};
/* End XCBuildConfiguration section */

/* Begin XCConfigurationList section */
		232B6C8E28A2C3760099E410 /* Build configuration list for PBXProject "HanoiFavoriteTourApp" */ = {
			isa = XCConfigurationList;
			buildConfigurations = (
				232B6C9F28A2C3770099E410 /* Debug */,
				232B6CA028A2C3770099E410 /* Release */,
			);
			defaultConfigurationIsVisible = 0;
			defaultConfigurationName = Release;
		};
		232B6CA128A2C3770099E410 /* Build configuration list for PBXNativeTarget "HanoiFavoriteTourApp" */ = {
			isa = XCConfigurationList;
			buildConfigurations = (
				232B6CA228A2C3770099E410 /* Debug */,
				232B6CA328A2C3770099E410 /* Release */,
			);
			defaultConfigurationIsVisible = 0;
			defaultConfigurationName = Release;
		};
/* End XCConfigurationList section */
	};
	rootObject = 232B6C8B28A2C3760099E410 /* Project object */;
}
